
Microsoft Visual Studio Solution File, Format Version 12.00
# Visual Studio Version 16
VisualStudioVersion = 16.0.810.18
MinimumVisualStudioVersion = 10.0.40219.1
Project("{FAE04EC0-301F-11D3-BF4B-00C04F79EFBC}") = "GettingThere.Android", "GettingThere.Android\GettingThere.Android.csproj", "{BB9E2C57-A13D-4E72-8B53-64ADC12835F9}"
EndProject
Project("{9A19103F-16F7-4668-BE54-9A1E7A4F7556}") = "GettingThere", "GettingThere\GettingThere.csproj", "{F9106EDC-09CE-4A9A-A76C-381D9673D2A5}"
EndProject
Global
	GlobalSection(SolutionConfigurationPlatforms) = preSolution
		Debug|Any CPU = Debug|Any CPU
		Release|Any CPU = Release|Any CPU
	EndGlobalSection
	GlobalSection(ProjectConfigurationPlatforms) = postSolution
		{BB9E2C57-A13D-4E72-8B53-64ADC12835F9}.Debug|Any CPU.ActiveCfg = Debug|Any CPU
		{BB9E2C57-A13D-4E72-8B53-64ADC12835F9}.Debug|Any CPU.Build.0 = Debug|Any CPU
		{BB9E2C57-A13D-4E72-8B53-64ADC12835F9}.Debug|Any CPU.Deploy.0 = Debug|Any CPU
		{BB9E2C57-A13D-4E72-8B53-64ADC12835F9}.Release|Any CPU.ActiveCfg = Release|Any CPU
		{BB9E2C57-A13D-4E72-8B53-64ADC12835F9}.Release|Any CPU.Build.0 = Release|Any CPU
		{F9106EDC-09CE-4A9A-A76C-381D9673D2A5}.Debug|Any CPU.ActiveCfg = Debug|Any CPU
		{F9106EDC-09CE-4A9A-A76C-381D9673D2A5}.Debug|Any CPU.Build.0 = Debug|Any CPU
		{F9106EDC-09CE-4A9A-A76C-381D9673D2A5}.Release|Any CPU.ActiveCfg = Release|Any CPU
		{F9106EDC-09CE-4A9A-A76C-381D9673D2A5}.Release|Any CPU.Build.0 = Release|Any CPU
	EndGlobalSection
	GlobalSection(SolutionProperties) = preSolution
		HideSolutionNode = FALSE
	EndGlobalSection
	GlobalSection(ExtensibilityGlobals) = postSolution
		SolutionGuid = {B6443537-D4CE-4B99-A9CF-3494061306E9}
	EndGlobalSection
EndGlobal
